// !$*UTF8*$!
{
	archiveVersion = 1;
	classes = {
	};
	objectVersion = 77;
	objects = {

/* Begin PBXFileReference section */
		A1000000000000000000002 /* RelicVault.app */ = {isa = PBXFileReference; explicitFileType = wrapper.application; includeInIndex = 0; path = RelicVault.app; sourceTree = BUILT_PRODUCTS_DIR; };
		B2000000000000000000002 /* RelicVaultUITests.xctest */ = {isa = PBXFileReference; explicitFileType = wrapper.cfbundle; includeInIndex = 0; path = RelicVaultUITests.xctest; sourceTree = BUILT_PRODUCTS_DIR; };
/* End PBXFileReference section */

/* Begin PBXFileSystemSynchronizedRootGroup section */
		A1000000000000000000003 /* RelicVault */ = {isa = PBXFileSystemSynchronizedRootGroup; path = RelicVault; sourceTree = "<group>"; };
		B2000000000000000000003 /* RelicVaultUITests */ = {isa = PBXFileSystemSynchronizedRootGroup; path = RelicVaultUITests; sourceTree = "<group>"; };
/* End PBXFileSystemSynchronizedRootGroup section */

/* Begin PBXFrameworksBuildPhase section */
		A1000000000000000000004 /* Frameworks */ = {isa = PBXFrameworksBuildPhase; buildActionMask = 2147483647; files = (); runOnlyForDeploymentPostprocessing = 0; };
		B2000000000000000000005 /* Frameworks */ = {isa = PBXFrameworksBuildPhase; buildActionMask = 2147483647; files = (); runOnlyForDeploymentPostprocessing = 0; };
/* End PBXFrameworksBuildPhase section */

/* Begin PBXGroup section */
		A1000000000000000000001 = {isa = PBXGroup; children = (A1000000000000000000003 /* RelicVault */, B2000000000000000000003 /* RelicVaultUITests */, A1000000000000000000005 /* Products */); sourceTree = "<group>"; };
		A1000000000000000000005 /* Products */ = {isa = PBXGroup; children = (A1000000000000000000002 /* RelicVault.app */, B2000000000000000000002 /* RelicVaultUITests.xctest */); name = Products; sourceTree = "<group>"; };
/* End PBXGroup section */

/* Begin PBXNativeTarget section */
		A1000000000000000000006 /* RelicVault */ = {
			isa = PBXNativeTarget;
			buildConfigurationList = A1000000000000000000010 /* Build configuration list for PBXNativeTarget "RelicVault" */;
			buildPhases = (
				A1000000000000000000007 /* Sources */,
				A1000000000000000000004 /* Frameworks */,
				A1000000000000000000008 /* Resources */,
			);
			buildRules = ();
			dependencies = ();
			fileSystemSynchronizedGroups = (A1000000000000000000003 /* RelicVault */);
			name = RelicVault;
			productName = RelicVault;
			productReference = A1000000000000000000002 /* RelicVault.app */;
			productType = "com.apple.product-type.application";
		};
		B2000000000000000000001 /* RelicVaultUITests */ = {
			isa = PBXNativeTarget;
			buildConfigurationList = B2000000000000000000009 /* Build configuration list for PBXNativeTarget "RelicVaultUITests" */;
			buildPhases = (
				B2000000000000000000004 /* Sources */,
				B2000000000000000000005 /* Frameworks */,
				B2000000000000000000006 /* Resources */,
			);
			buildRules = ();
			dependencies = (
				B2000000000000000000007 /* PBXTargetDependency */,
			);
			fileSystemSynchronizedGroups = (B2000000000000000000003 /* RelicVaultUITests */);
			name = RelicVaultUITests;
			productName = RelicVaultUITests;
			productReference = B2000000000000000000002 /* RelicVaultUITests.xctest */;
			productType = "com.apple.product-type.bundle.ui-testing";
		};
/* End PBXNativeTarget section */

/* Begin PBXContainerItemProxy section */
		B2000000000000000000008 /* PBXContainerItemProxy */ = {
			isa = PBXContainerItemProxy;
			containerPortal = A1000000000000000000000 /* Project object */;
			proxyType = 1;
			remoteGlobalIDString = A1000000000000000000006;
			remoteInfo = RelicVault;
		};
/* End PBXContainerItemProxy section */

/* Begin PBXTargetDependency section */
		B2000000000000000000007 /* PBXTargetDependency */ = {
			isa = PBXTargetDependency;
			target = A1000000000000000000006 /* RelicVault */;
			targetProxy = B2000000000000000000008 /* PBXContainerItemProxy */;
		};
/* End PBXTargetDependency section */

/* Begin PBXProject section */
		A1000000000000000000000 /* Project object */ = {
			isa = PBXProject;
			attributes = {
				BuildIndependentTargetsInParallel = 1;
				LastSwiftUpdateCheck = 2610;
				LastUpgradeCheck = 2610;
				TargetAttributes = {
					A1000000000000000000006 = {
						CreatedOnToolsVersion = 26.1;
					};
					B2000000000000000000001 = {
						CreatedOnToolsVersion = 26.1;
						TestTargetID = A1000000000000000000006;
					};
				};
			};
			buildConfigurationList = A1000000000000000000009 /* Build configuration list for PBXProject "RelicVault" */;
			developmentRegion = en;
			hasScannedForEncodings = 0;
			knownRegions = (en, Base, ja);
			mainGroup = A1000000000000000000001;
			minimizedProjectReferenceProxies = 1;
			preferredProjectObjectVersion = 77;
			productRefGroup = A1000000000000000000005 /* Products */;
			projectDirPath = "";
			projectRoot = "";
			targets = (A1000000000000000000006 /* RelicVault */, B2000000000000000000001 /* RelicVaultUITests */);
		};
/* End PBXProject section */

/* Begin PBXResourcesBuildPhase section */
		A1000000000000000000008 /* Resources */ = {isa = PBXResourcesBuildPhase; buildActionMask = 2147483647; files = (); runOnlyForDeploymentPostprocessing = 0; };
		B2000000000000000000006 /* Resources */ = {isa = PBXResourcesBuildPhase; buildActionMask = 2147483647; files = (); runOnlyForDeploymentPostprocessing = 0; };
/* End PBXResourcesBuildPhase section */

/* Begin PBXSourcesBuildPhase section */
		A1000000000000000000007 /* Sources */ = {isa = PBXSourcesBuildPhase; buildActionMask = 2147483647; files = (); runOnlyForDeploymentPostprocessing = 0; };
		B2000000000000000000004 /* Sources */ = {isa = PBXSourcesBuildPhase; buildActionMask = 2147483647; files = (); runOnlyForDeploymentPostprocessing = 0; };
/* End PBXSourcesBuildPhase section */

/* Begin XCBuildConfiguration section */
		A1000000000000000000011 /* Debug */ = {
			isa = XCBuildConfiguration;
			buildSettings = {
				ALWAYS_SEARCH_USER_PATHS = NO;
				CLANG_ENABLE_OBJC_WEAK = YES;
				ENABLE_STRICT_OBJC_MSGSEND = YES;
				ENABLE_TESTABILITY = YES;
				ENABLE_USER_SCRIPT_SANDBOXING = YES;
				GCC_NO_COMMON_BLOCKS = YES;
				IPHONEOS_DEPLOYMENT_TARGET = 18.0;
				MTL_ENABLE_DEBUG_INFO = INCLUDE_SOURCE;
				ONLY_ACTIVE_ARCH = YES;
				SDKROOT = iphoneos;
				SWIFT_ACTIVE_COMPILATION_CONDITIONS = "DEBUG $(inherited)";
				SWIFT_OPTIMIZATION_LEVEL = "-Onone";
				SWIFT_VERSION = 5.0;
				GCC_OPTIMIZATION_LEVEL = 0;
				COPY_PHASE_STRIP = NO;
				DEBUG_INFORMATION_FORMAT = dwarf;
				GCC_DYNAMIC_NO_PIC = NO;
			};
			name = Debug;
		};
		A1000000000000000000012 /* Release */ = {
			isa = XCBuildConfiguration;
			buildSettings = {
				ALWAYS_SEARCH_USER_PATHS = NO;
				CLANG_ENABLE_OBJC_WEAK = YES;
				ENABLE_NS_ASSERTIONS = NO;
				ENABLE_STRICT_OBJC_MSGSEND = YES;
				ENABLE_USER_SCRIPT_SANDBOXING = YES;
				GCC_NO_COMMON_BLOCKS = YES;
				IPHONEOS_DEPLOYMENT_TARGET = 18.0;
				MTL_ENABLE_DEBUG_INFO = NO;
				SDKROOT = iphoneos;
				SWIFT_COMPILATION_MODE = wholemodule;
				SWIFT_VERSION = 5.0;
				VALIDATE_PRODUCT = YES;
				COPY_PHASE_STRIP = NO;
				DEBUG_INFORMATION_FORMAT = "dwarf-with-dsym";
			};
			name = Release;
		};
		A1000000000000000000013 /* Debug */ = {
			isa = XCBuildConfiguration;
			buildSettings = {
				ASSETCATALOG_COMPILER_APPICON_NAME = AppIcon;
				ASSETCATALOG_COMPILER_GLOBAL_ACCENT_COLOR_NAME = AccentColor;
				CODE_SIGN_STYLE = Automatic;
				CURRENT_PROJECT_VERSION = 1;
				DEVELOPMENT_ASSET_PATHS = "";
				ENABLE_PREVIEWS = YES;
				GENERATE_INFOPLIST_FILE = YES;
				INFOPLIST_KEY_UIApplicationSceneManifest_Generation = YES;
				INFOPLIST_KEY_UILaunchScreen_Generation = YES;
				INFOPLIST_KEY_UISupportedInterfaceOrientations = "UIInterfaceOrientationPortrait UIInterfaceOrientationLandscapeLeft UIInterfaceOrientationLandscapeRight";
				LD_RUNPATH_SEARCH_PATHS = ("$(inherited)", "@executable_path/Frameworks");
				MARKETING_VERSION = 1.0;
				PRODUCT_BUNDLE_IDENTIFIER = com.rikumasato.RelicVault;
				PRODUCT_NAME = "$(TARGET_NAME)";
				SWIFT_EMIT_LOC_STRINGS = YES;
				TARGETED_DEVICE_FAMILY = 1;
			};
			name = Debug;
		};
		A1000000000000000000014 /* Release */ = {
			isa = XCBuildConfiguration;
			buildSettings = {
				ASSETCATALOG_COMPILER_APPICON_NAME = AppIcon;
				ASSETCATALOG_COMPILER_GLOBAL_ACCENT_COLOR_NAME = AccentColor;
				CODE_SIGN_STYLE = Automatic;
				CURRENT_PROJECT_VERSION = 1;
				DEVELOPMENT_ASSET_PATHS = "";
				ENABLE_PREVIEWS = YES;
				GENERATE_INFOPLIST_FILE = YES;
				INFOPLIST_KEY_UIApplicationSceneManifest_Generation = YES;
				INFOPLIST_KEY_UILaunchScreen_Generation = YES;
				INFOPLIST_KEY_UISupportedInterfaceOrientations = "UIInterfaceOrientationPortrait UIInterfaceOrientationLandscapeLeft UIInterfaceOrientationLandscapeRight";
				LD_RUNPATH_SEARCH_PATHS = ("$(inherited)", "@executable_path/Frameworks");
				MARKETING_VERSION = 1.0;
				PRODUCT_BUNDLE_IDENTIFIER = com.rikumasato.RelicVault;
				PRODUCT_NAME = "$(TARGET_NAME)";
				SWIFT_EMIT_LOC_STRINGS = YES;
				TARGETED_DEVICE_FAMILY = 1;
			};
			name = Release;
		};
		B2000000000000000000010 /* Debug */ = {
			isa = XCBuildConfiguration;
			buildSettings = {
				CODE_SIGNING_ALLOWED = NO;
				CODE_SIGNING_REQUIRED = NO;
				CURRENT_PROJECT_VERSION = 1;
				GENERATE_INFOPLIST_FILE = YES;
				MARKETING_VERSION = 1.0;
				PRODUCT_BUNDLE_IDENTIFIER = com.rikumasato.RelicVaultUITests;
				PRODUCT_NAME = "$(TARGET_NAME)";
				SWIFT_EMIT_LOC_STRINGS = NO;
				TARGETED_DEVICE_FAMILY = 1;
				TEST_TARGET_NAME = RelicVault;
			};
			name = Debug;
		};
		B2000000000000000000011 /* Release */ = {
			isa = XCBuildConfiguration;
			buildSettings = {
				CODE_SIGNING_ALLOWED = NO;
				CODE_SIGNING_REQUIRED = NO;
				CURRENT_PROJECT_VERSION = 1;
				GENERATE_INFOPLIST_FILE = YES;
				MARKETING_VERSION = 1.0;
				PRODUCT_BUNDLE_IDENTIFIER = com.rikumasato.RelicVaultUITests;
				PRODUCT_NAME = "$(TARGET_NAME)";
				SWIFT_EMIT_LOC_STRINGS = NO;
				TARGETED_DEVICE_FAMILY = 1;
				TEST_TARGET_NAME = RelicVault;
			};
			name = Release;
		};
/* End XCBuildConfiguration section */

/* Begin XCConfigurationList section */
		A1000000000000000000009 /* Build configuration list for PBXProject "RelicVault" */ = {
			isa = XCConfigurationList;
			buildConfigurations = (A1000000000000000000011 /* Debug */, A1000000000000000000012 /* Release */);
			defaultConfigurationIsVisible = 0;
			defaultConfigurationName = Release;
		};
		A1000000000000000000010 /* Build configuration list for PBXNativeTarget "RelicVault" */ = {
			isa = XCConfigurationList;
			buildConfigurations = (A1000000000000000000013 /* Debug */, A1000000000000000000014 /* Release */);
			defaultConfigurationIsVisible = 0;
			defaultConfigurationName = Release;
		};
		B2000000000000000000009 /* Build configuration list for PBXNativeTarget "RelicVaultUITests" */ = {
			isa = XCConfigurationList;
			buildConfigurations = (B2000000000000000000010 /* Debug */, B2000000000000000000011 /* Release */);
			defaultConfigurationIsVisible = 0;
			defaultConfigurationName = Release;
		};
/* End XCConfigurationList section */
	};
	rootObject = A1000000000000000000000 /* Project object */;
}
